{
  "version": 4,
  "terraform_version": "1.3.7",
  "serial": 42,
  "lineage": "965fd317-c94c-5331-2c84-f51e55479c4c",
  "outputs": {},
  "resources": [
    {
      "mode": "managed",
      "type": "google_compute_firewall",
      "name": "firewall",
      "provider": "provider[\"registry.terraform.io/hashicorp/google\"]",
      "instances": [
        {
          "schema_version": 1,
          "attributes": {
            "allow": [
              {
                "ports": [
                  "22"
                ],
                "protocol": "tcp"
              }
            ],
            "creation_timestamp": "2023-02-09T13:53:04.573-08:00",
            "deny": [],
            "description": "",
            "destination_ranges": [],
            "direction": "INGRESS",
            "disabled": false,
            "enable_logging": null,
            "id": "projects/rania-project-375711/global/firewalls/allofirewall",
            "log_config": [],
            "name": "allofirewall",
            "network": "https://www.googleapis.com/compute/v1/projects/rania-project-375711/global/networks/myvpc",
            "priority": 1000,
            "project": "rania-project-375711",
            "self_link": "https://www.googleapis.com/compute/v1/projects/rania-project-375711/global/firewalls/allofirewall",
            "source_ranges": [
              "0.0.0.0/0"
            ],
            "source_service_accounts": null,
            "source_tags": null,
            "target_service_accounts": null,
            "target_tags": null,
            "timeouts": null
          },
          "sensitive_attributes": [],
          "private": "eyJlMmJmYjczMC1lY2FhLTExZTYtOGY4OC0zNDM2M2JjN2M0YzAiOnsiY3JlYXRlIjoxMjAwMDAwMDAwMDAwLCJkZWxldGUiOjEyMDAwMDAwMDAwMDAsInVwZGF0ZSI6MTIwMDAwMDAwMDAwMH0sInNjaGVtYV92ZXJzaW9uIjoiMSJ9",
          "dependencies": [
            "google_compute_network.myvpc"
          ]
        }
      ]
    },
    {
      "mode": "managed",
      "type": "google_compute_instance",
      "name": "vm",
      "provider": "provider[\"registry.terraform.io/hashicorp/google\"]",
      "instances": [
        {
          "schema_version": 6,
          "attributes": {
            "advanced_machine_features": [],
            "allow_stopping_for_update": null,
            "attached_disk": [],
            "boot_disk": [
              {
                "auto_delete": true,
                "device_name": "persistent-disk-0",
                "disk_encryption_key_raw": "",
                "disk_encryption_key_sha256": "",
                "initialize_params": [
                  {
                    "image": "https://www.googleapis.com/compute/v1/projects/debian-cloud/global/images/debian-11-bullseye-v20230206",
                    "labels": {},
                    "size": 10,
                    "type": "pd-standard"
                  }
                ],
                "kms_key_self_link": "",
                "mode": "READ_WRITE",
                "source": "https://www.googleapis.com/compute/v1/projects/rania-project-375711/zones/us-central1-a/disks/private-vm"
              }
            ],
            "can_ip_forward": false,
            "confidential_instance_config": [],
            "cpu_platform": "Intel Haswell",
            "current_status": "RUNNING",
            "deletion_protection": false,
            "description": "",
            "desired_status": null,
            "enable_display": false,
            "guest_accelerator": [],
            "hostname": "",
            "id": "projects/rania-project-375711/zones/us-central1-a/instances/private-vm",
            "instance_id": "7925041303766226366",
            "label_fingerprint": "42WmSpB8rSM=",
            "labels": null,
            "machine_type": "f1-micro",
            "metadata": null,
            "metadata_fingerprint": "aYtq-6X0QAk=",
            "metadata_startup_script": null,
            "min_cpu_platform": "",
            "name": "private-vm",
            "network_interface": [
              {
                "access_config": [],
                "alias_ip_range": [],
                "ipv6_access_config": [],
                "ipv6_access_type": "",
                "name": "nic0",
                "network": "https://www.googleapis.com/compute/v1/projects/rania-project-375711/global/networks/myvpc",
                "network_ip": "10.1.0.2",
                "nic_type": "",
                "queue_count": 0,
                "stack_type": "IPV4_ONLY",
                "subnetwork": "https://www.googleapis.com/compute/v1/projects/rania-project-375711/regions/us-central1/subnetworks/management",
                "subnetwork_project": "rania-project-375711"
              }
            ],
            "project": "rania-project-375711",
            "reservation_affinity": [],
            "resource_policies": null,
            "scheduling": [
              {
                "automatic_restart": true,
                "instance_termination_action": "",
                "min_node_cpus": 0,
                "node_affinities": [],
                "on_host_maintenance": "MIGRATE",
                "preemptible": false,
                "provisioning_model": "STANDARD"
              }
            ],
            "scratch_disk": [],
            "self_link": "https://www.googleapis.com/compute/v1/projects/rania-project-375711/zones/us-central1-a/instances/private-vm",
            "service_account": [
              {
                "email": "myinstance-sa-id@rania-project-375711.iam.gserviceaccount.com",
                "scopes": [
                  "https://www.googleapis.com/auth/cloud-platform"
                ]
              }
            ],
            "shielded_instance_config": [
              {
                "enable_integrity_monitoring": true,
                "enable_secure_boot": false,
                "enable_vtpm": true
              }
            ],
            "tags": null,
            "tags_fingerprint": "42WmSpB8rSM=",
            "timeouts": null,
            "zone": "us-central1-a"
          },
          "sensitive_attributes": [],
          "private": "eyJlMmJmYjczMC1lY2FhLTExZTYtOGY4OC0zNDM2M2JjN2M0YzAiOnsiY3JlYXRlIjoxMjAwMDAwMDAwMDAwLCJkZWxldGUiOjEyMDAwMDAwMDAwMDAsInVwZGF0ZSI6MTIwMDAwMDAwMDAwMH0sInNjaGVtYV92ZXJzaW9uIjoiNiJ9",
          "dependencies": [
            "google_compute_network.myvpc",
            "google_compute_subnetwork.managementsubnet",
            "google_service_account.myinstance-sa"
          ]
        }
      ]
    },
    {
      "mode": "managed",
      "type": "google_compute_network",
      "name": "myvpc",
      "provider": "provider[\"registry.terraform.io/hashicorp/google\"]",
      "instances": [
        {
          "schema_version": 0,
          "attributes": {
            "auto_create_subnetworks": false,
            "delete_default_routes_on_create": false,
            "description": "",
            "enable_ula_internal_ipv6": false,
            "gateway_ipv4": "",
            "id": "projects/rania-project-375711/global/networks/myvpc",
            "internal_ipv6_range": "",
            "mtu": 0,
            "name": "myvpc",
            "project": "rania-project-375711",
            "routing_mode": "REGIONAL",
            "self_link": "https://www.googleapis.com/compute/v1/projects/rania-project-375711/global/networks/myvpc",
            "timeouts": null
          },
          "sensitive_attributes": [],
          "private": "eyJlMmJmYjczMC1lY2FhLTExZTYtOGY4OC0zNDM2M2JjN2M0YzAiOnsiY3JlYXRlIjoxMjAwMDAwMDAwMDAwLCJkZWxldGUiOjEyMDAwMDAwMDAwMDAsInVwZGF0ZSI6MTIwMDAwMDAwMDAwMH19"
        }
      ]
    },
    {
      "mode": "managed",
      "type": "google_compute_router",
      "name": "routertable",
      "provider": "provider[\"registry.terraform.io/hashicorp/google\"]",
      "instances": [
        {
          "schema_version": 0,
          "attributes": {
            "bgp": [
              {
                "advertise_mode": "CUSTOM",
                "advertised_groups": null,
                "advertised_ip_ranges": [],
                "asn": 64514,
                "keepalive_interval": 20
              }
            ],
            "creation_timestamp": "2023-02-09T13:53:04.981-08:00",
            "description": "",
            "encrypted_interconnect_router": false,
            "id": "projects/rania-project-375711/regions/us-central1/routers/route",
            "name": "route",
            "network": "https://www.googleapis.com/compute/v1/projects/rania-project-375711/global/networks/myvpc",
            "project": "rania-project-375711",
            "region": "us-central1",
            "self_link": "https://www.googleapis.com/compute/v1/projects/rania-project-375711/regions/us-central1/routers/route",
            "timeouts": null
          },
          "sensitive_attributes": [],
          "private": "eyJlMmJmYjczMC1lY2FhLTExZTYtOGY4OC0zNDM2M2JjN2M0YzAiOnsiY3JlYXRlIjoxMjAwMDAwMDAwMDAwLCJkZWxldGUiOjEyMDAwMDAwMDAwMDAsInVwZGF0ZSI6MTIwMDAwMDAwMDAwMH19",
          "dependencies": [
            "google_compute_network.myvpc"
          ]
        }
      ]
    },
    {
      "mode": "managed",
      "type": "google_compute_router_nat",
      "name": "natgateway",
      "provider": "provider[\"registry.terraform.io/hashicorp/google\"]",
      "instances": [
        {
          "schema_version": 0,
          "attributes": {
            "drain_nat_ips": null,
            "enable_dynamic_port_allocation": false,
            "enable_endpoint_independent_mapping": true,
            "icmp_idle_timeout_sec": 30,
            "id": "rania-project-375711/us-central1/route/nat",
            "log_config": [],
            "max_ports_per_vm": 0,
            "min_ports_per_vm": 0,
            "name": "nat",
            "nat_ip_allocate_option": "AUTO_ONLY",
            "nat_ips": null,
            "project": "rania-project-375711",
            "region": "us-central1",
            "router": "route",
            "rules": [],
            "source_subnetwork_ip_ranges_to_nat": "LIST_OF_SUBNETWORKS",
            "subnetwork": [
              {
                "name": "projects/rania-project-375711/regions/us-central1/subnetworks/management",
                "secondary_ip_range_names": [],
                "source_ip_ranges_to_nat": [
                  "ALL_IP_RANGES"
                ]
              }
            ],
            "tcp_established_idle_timeout_sec": 1200,
            "tcp_time_wait_timeout_sec": 120,
            "tcp_transitory_idle_timeout_sec": 30,
            "timeouts": null,
            "udp_idle_timeout_sec": 30
          },
          "sensitive_attributes": [],
          "private": "eyJlMmJmYjczMC1lY2FhLTExZTYtOGY4OC0zNDM2M2JjN2M0YzAiOnsiY3JlYXRlIjoxMjAwMDAwMDAwMDAwLCJkZWxldGUiOjEyMDAwMDAwMDAwMDAsInVwZGF0ZSI6MTIwMDAwMDAwMDAwMH19",
          "dependencies": [
            "google_compute_network.myvpc",
            "google_compute_router.routertable",
            "google_compute_subnetwork.managementsubnet"
          ]
        }
      ]
    },
    {
      "mode": "managed",
      "type": "google_compute_subnetwork",
      "name": "managementsubnet",
      "provider": "provider[\"registry.terraform.io/hashicorp/google\"]",
      "instances": [
        {
          "schema_version": 0,
          "attributes": {
            "creation_timestamp": "2023-02-09T13:53:06.105-08:00",
            "description": "",
            "external_ipv6_prefix": "",
            "fingerprint": null,
            "gateway_address": "10.1.0.1",
            "id": "projects/rania-project-375711/regions/us-central1/subnetworks/management",
            "ip_cidr_range": "10.1.0.0/18",
            "ipv6_access_type": "",
            "ipv6_cidr_range": "",
            "log_config": [],
            "name": "management",
            "network": "https://www.googleapis.com/compute/v1/projects/rania-project-375711/global/networks/myvpc",
            "private_ip_google_access": false,
            "private_ipv6_google_access": "DISABLE_GOOGLE_ACCESS",
            "project": "rania-project-375711",
            "purpose": "PRIVATE",
            "region": "us-central1",
            "role": "",
            "secondary_ip_range": [],
            "self_link": "https://www.googleapis.com/compute/v1/projects/rania-project-375711/regions/us-central1/subnetworks/management",
            "stack_type": "IPV4_ONLY",
            "timeouts": null
          },
          "sensitive_attributes": [],
          "private": "eyJlMmJmYjczMC1lY2FhLTExZTYtOGY4OC0zNDM2M2JjN2M0YzAiOnsiY3JlYXRlIjoxMjAwMDAwMDAwMDAwLCJkZWxldGUiOjEyMDAwMDAwMDAwMDAsInVwZGF0ZSI6MTIwMDAwMDAwMDAwMH19",
          "dependencies": [
            "google_compute_network.myvpc"
          ]
        }
      ]
    },
    {
      "mode": "managed",
      "type": "google_compute_subnetwork",
      "name": "restrictedsubnet",
      "provider": "provider[\"registry.terraform.io/hashicorp/google\"]",
      "instances": [
        {
          "schema_version": 0,
          "attributes": {
            "creation_timestamp": "2023-02-09T13:53:05.408-08:00",
            "description": "",
            "external_ipv6_prefix": "",
            "fingerprint": null,
            "gateway_address": "10.0.0.1",
            "id": "projects/rania-project-375711/regions/us-central1/subnetworks/restricted",
            "ip_cidr_range": "10.0.0.0/18",
            "ipv6_access_type": "",
            "ipv6_cidr_range": "",
            "log_config": [],
            "name": "restricted",
            "network": "https://www.googleapis.com/compute/v1/projects/rania-project-375711/global/networks/myvpc",
            "private_ip_google_access": false,
            "private_ipv6_google_access": "DISABLE_GOOGLE_ACCESS",
            "project": "rania-project-375711",
            "purpose": "PRIVATE",
            "region": "us-central1",
            "role": "",
            "secondary_ip_range": [
              {
                "ip_cidr_range": "10.48.0.0/14",
                "range_name": "pod-range"
              },
              {
                "ip_cidr_range": "10.52.0.0/20",
                "range_name": "service-range"
              }
            ],
            "self_link": "https://www.googleapis.com/compute/v1/projects/rania-project-375711/regions/us-central1/subnetworks/restricted",
            "stack_type": "IPV4_ONLY",
            "timeouts": null
          },
          "sensitive_attributes": [],
          "private": "eyJlMmJmYjczMC1lY2FhLTExZTYtOGY4OC0zNDM2M2JjN2M0YzAiOnsiY3JlYXRlIjoxMjAwMDAwMDAwMDAwLCJkZWxldGUiOjEyMDAwMDAwMDAwMDAsInVwZGF0ZSI6MTIwMDAwMDAwMDAwMH19",
          "dependencies": [
            "google_compute_network.myvpc"
          ]
        }
      ]
    },
    {
      "mode": "managed",
      "type": "google_container_cluster",
      "name": "private-cluster",
      "provider": "provider[\"registry.terraform.io/hashicorp/google\"]",
      "instances": [
        {
          "schema_version": 1,
          "attributes": {
            "addons_config": [
              {
                "cloudrun_config": [],
                "config_connector_config": [],
                "dns_cache_config": [],
                "gce_persistent_disk_csi_driver_config": [
                  {
                    "enabled": true
                  }
                ],
                "gcp_filestore_csi_driver_config": [],
                "gke_backup_agent_config": [],
                "horizontal_pod_autoscaling": [],
                "http_load_balancing": [],
                "network_policy_config": [
                  {
                    "disabled": true
                  }
                ]
              }
            ],
            "authenticator_groups_config": [],
            "binary_authorization": [
              {
                "enabled": false,
                "evaluation_mode": ""
              }
            ],
            "cluster_autoscaling": [
              {
                "auto_provisioning_defaults": [],
                "enabled": false,
                "resource_limits": []
              }
            ],
            "cluster_ipv4_cidr": "10.48.0.0/14",
            "confidential_nodes": [],
            "cost_management_config": [],
            "database_encryption": [
              {
                "key_name": "",
                "state": "DECRYPTED"
              }
            ],
            "datapath_provider": "",
            "default_max_pods_per_node": 110,
            "default_snat_status": [
              {
                "disabled": false
              }
            ],
            "description": "",
            "dns_config": [],
            "enable_autopilot": false,
            "enable_binary_authorization": false,
            "enable_intranode_visibility": false,
            "enable_kubernetes_alpha": false,
            "enable_l4_ilb_subsetting": false,
            "enable_legacy_abac": false,
            "enable_shielded_nodes": true,
            "enable_tpu": false,
            "endpoint": "172.16.0.2",
            "gateway_api_config": [],
            "id": "projects/rania-project-375711/locations/us-central1-a/clusters/cluster",
            "initial_node_count": 1,
            "ip_allocation_policy": [
              {
                "cluster_ipv4_cidr_block": "10.48.0.0/14",
                "cluster_secondary_range_name": "pod-range",
                "services_ipv4_cidr_block": "10.52.0.0/20",
                "services_secondary_range_name": "service-range"
              }
            ],
            "label_fingerprint": "a9dc16a7",
            "location": "us-central1-a",
            "logging_config": [
              {
                "enable_components": [
                  "SYSTEM_COMPONENTS",
                  "WORKLOADS"
                ]
              }
            ],
            "logging_service": "logging.googleapis.com/kubernetes",
            "maintenance_policy": [],
            "master_auth": [
              {
                "client_certificate": "",
                "client_certificate_config": [
                  {
                    "issue_client_certificate": false
                  }
                ],
                "client_key": "",
                "cluster_ca_certificate": "LS0tLS1CRUdJTiBDRVJUSUZJQ0FURS0tLS0tCk1JSUVMVENDQXBXZ0F3SUJBZ0lSQVBmTStWQktEbVVYc2Z0U3N3dVd1OGt3RFFZSktvWklodmNOQVFFTEJRQXcKTHpFdE1Dc0dBMVVFQXhNa09XVTNZekE1TXpVdFkyUXhOQzAwWWpkbUxXSTVaak10WkRZek56azROVGRtT1RCbApNQ0FYRFRJek1ESXdPVEl3TlRNeU9Wb1lEekl3TlRNd01qQXhNakUxTXpJNVdqQXZNUzB3S3dZRFZRUURFeVE1ClpUZGpNRGt6TlMxalpERTBMVFJpTjJZdFlqbG1NeTFrTmpNM09UZzFOMlk1TUdVd2dnR2lNQTBHQ1NxR1NJYjMKRFFFQkFRVUFBNElCandBd2dnR0tBb0lCZ1FDVkFrK2lYOUNQbXlkRnhudFV5REREMWNBcHBUS3hSVS8wV2xtdApQRFVqWXNpUkdOS21IL0MrSmoxZU9QbEQxa2l1eGYyRVorOGNvc2N0Ti9scUxlSGNVK2kvT1dCYVU1ZWlXMjZPCmFZWTV4dVhKVjFwZTB0SCtmdUxRcUwycnRKR2N4MWV3UUwrNjBhZ1ZHUUNzTU9hQTVJQ1E2MGpPVDhFMm8zV04KS1FGa1dvbFFTYllUVEZZdkdwVU9RNTJlT2NhZEx1cWNoTUM5Q1BDQ0RWQXZPdkJKalcreGpKTTQ3N0haZklTSQo3VEtRbmJmRzZzdEtHM294dmdnK2ZEQkVIbTNxaCsxUkJiZ2RyMDJoU1d5NjNGUEZxSVFXakFsTVFFcFZoS0JRCkJmQzRyQ1p1VEs0WDYvRWt0RWVuRkZpMHNFbXFPS0RNd1dTZUdQQnlxR0REWHp6OHUwS2xPQmJqRHpQZ0doYU0KbmRva3EwWWplRzdDZHdOMzNtWEtYSFRlVUJ2bFBYWUFkOXN2eWhMaWh1MThMRGpUb1N2TEkwekpld0tJSDJ6eQpQNk5URUJpUFUyMllwY0hLRm5LZ2xaWit5Y0wvTStQRWlaN3laMm1Zb2FWVnFBSmxjSks5UDZGV2NIVk9EdThQCndNbmRDUlZuaHdZVGVCazZxenkxSEhmUVVxRUNBd0VBQWFOQ01FQXdEZ1lEVlIwUEFRSC9CQVFEQWdJRU1BOEcKQTFVZEV3RUIvd1FGTUFNQkFmOHdIUVlEVlIwT0JCWUVGSEFML296aHdMRHFzRWJiRzB3cTQ2M3dVdEt4TUEwRwpDU3FHU0liM0RRRUJDd1VBQTRJQmdRQmlYOXU2M2dWbUw3eUlFOWRoR0tBY291K2MzZU0rd0tWaytWMHNzdStHCm9seldXSjVsRTRqT2RnUEdBS2djM3NaMHZiNk5jRGo1TWNjaGFLcnNHZkFkOFppU0ZVNmZuL0NmRDBVcE5EMHcKZG9aWWlOdG1tRi9iTm5tRE01S2RyWHRnQ1VRZkNFUm5GNXBRMm0xZWRWTFdhWDBDL05xRjRzREJ4VWZZbkFwVQpxTWF6VVRQdmNjMFYrdTUvRWdFT0JkS29GaVp0RlZSL3BUb25saWJrY0gxbFdJWlVQL0lER2JlMml4alYyZ3VsCnJBWlJYMVl1NHJxZ1lXaThRcTJtQkVHSnpGL3pKemdQN1J3WStIK05Gc1kvYWRJcWhyNXRMdDdHZ3o3cjlUSVkKdkhIM1AzU2IyQ2poYmw4RlJGVEU1Um02NURkKzExaWx6RVl4ZXc4RDZST3FtMmJjcVVQWnRHVGtDQ3VEWDN2OApQaDUwc0REbTB4MU1aNTZrSEg4MEFEL0l6emZCQ1dVSjh4MXlyanVuc0plNGxKUFhXTUpPNEN4SlN6cXlWZkh2CmpEd1NMaWptSWJUY2xZaSthMlNqaGVZNDJBMWtLaVZDY0F6V2pnLzR5ZkdzclpoSjZodTI4TDdCdkhTYjBOWHAKVjdSQTA0azhlUFRZNVM4Z0luTXBTZWs9Ci0tLS0tRU5EIENFUlRJRklDQVRFLS0tLS0K"
              }
            ],
            "master_authorized_networks_config": [
              {
                "cidr_blocks": [
                  {
                    "cidr_block": "10.1.0.0/18",
                    "display_name": "management-cidr"
                  }
                ],
                "gcp_public_cidrs_access_enabled": false
              }
            ],
            "master_version": "1.24.8-gke.2000",
            "mesh_certificates": [],
            "min_master_version": null,
            "monitoring_config": [
              {
                "enable_components": [
                  "SYSTEM_COMPONENTS"
                ],
                "managed_prometheus": []
              }
            ],
            "monitoring_service": "monitoring.googleapis.com/kubernetes",
            "name": "cluster",
            "network": "projects/rania-project-375711/global/networks/myvpc",
            "network_policy": [
              {
                "enabled": false,
                "provider": "PROVIDER_UNSPECIFIED"
              }
            ],
            "networking_mode": "VPC_NATIVE",
            "node_config": [],
            "node_locations": [],
            "node_pool": [],
            "node_pool_defaults": [
              {
                "node_config_defaults": [
                  {
                    "logging_variant": "DEFAULT"
                  }
                ]
              }
            ],
            "node_version": "1.24.8-gke.2000",
            "notification_config": [
              {
                "pubsub": [
                  {
                    "enabled": false,
                    "filter": [],
                    "topic": ""
                  }
                ]
              }
            ],
            "operation": null,
            "private_cluster_config": [
              {
                "enable_private_endpoint": true,
                "enable_private_nodes": true,
                "master_global_access_config": [
                  {
                    "enabled": false
                  }
                ],
                "master_ipv4_cidr_block": "172.16.0.0/28",
                "peering_name": "gke-n05f4d6534d3109c98c7-2620-11f2-peer",
                "private_endpoint": "172.16.0.2",
                "private_endpoint_subnetwork": "",
                "public_endpoint": "35.239.155.142"
              }
            ],
            "private_ipv6_google_access": "",
            "project": "rania-project-375711",
            "release_channel": [
              {
                "channel": "REGULAR"
              }
            ],
            "remove_default_node_pool": true,
            "resource_labels": null,
            "resource_usage_export_config": [],
            "self_link": "https://container.googleapis.com/v1/projects/rania-project-375711/zones/us-central1-a/clusters/cluster",
            "service_external_ips_config": [
              {
                "enabled": false
              }
            ],
            "services_ipv4_cidr": "10.52.0.0/20",
            "subnetwork": "projects/rania-project-375711/regions/us-central1/subnetworks/restricted",
            "timeouts": null,
            "tpu_ipv4_cidr_block": "",
            "vertical_pod_autoscaling": [],
            "workload_identity_config": []
          },
          "sensitive_attributes": [],
          "private": "eyJlMmJmYjczMC1lY2FhLTExZTYtOGY4OC0zNDM2M2JjN2M0YzAiOnsiY3JlYXRlIjoyNDAwMDAwMDAwMDAwLCJkZWxldGUiOjI0MDAwMDAwMDAwMDAsInJlYWQiOjI0MDAwMDAwMDAwMDAsInVwZGF0ZSI6MzYwMDAwMDAwMDAwMH0sInNjaGVtYV92ZXJzaW9uIjoiMSJ9",
          "dependencies": [
            "google_compute_network.myvpc",
            "google_compute_subnetwork.restrictedsubnet"
          ]
        }
      ]
    },
    {
      "mode": "managed",
      "type": "google_container_node_pool",
      "name": "private-cluster-nodes",
      "provider": "provider[\"registry.terraform.io/hashicorp/google\"]",
      "instances": [
        {
          "schema_version": 1,
          "attributes": {
            "autoscaling": [],
            "cluster": "projects/rania-project-375711/locations/us-central1-a/clusters/cluster",
            "id": "projects/rania-project-375711/locations/us-central1-a/clusters/cluster/nodePools/node-pool",
            "initial_node_count": 1,
            "instance_group_urls": [
              "https://www.googleapis.com/compute/v1/projects/rania-project-375711/zones/us-central1-a/instanceGroupManagers/gke-cluster-node-pool-ddf6b9ee-grp"
            ],
            "location": "us-central1-a",
            "managed_instance_group_urls": [
              "https://www.googleapis.com/compute/v1/projects/rania-project-375711/zones/us-central1-a/instanceGroups/gke-cluster-node-pool-ddf6b9ee-grp"
            ],
            "management": [
              {
                "auto_repair": true,
                "auto_upgrade": true
              }
            ],
            "max_pods_per_node": 110,
            "name": "node-pool",
            "name_prefix": "",
            "network_config": [
              {
                "create_pod_range": false,
                "enable_private_nodes": false,
                "pod_ipv4_cidr_block": "10.48.0.0/14",
                "pod_range": "pod-range"
              }
            ],
            "node_config": [
              {
                "boot_disk_kms_key": "",
                "disk_size_gb": 100,
                "disk_type": "pd-balanced",
                "gcfs_config": [],
                "guest_accelerator": [],
                "gvnic": [],
                "image_type": "COS_CONTAINERD",
                "kubelet_config": [],
                "labels": {},
                "linux_node_config": [],
                "local_ssd_count": 0,
                "logging_variant": "DEFAULT",
                "machine_type": "e2-small",
                "metadata": {
                  "disable-legacy-endpoints": "true"
                },
                "min_cpu_platform": "",
                "node_group": "",
                "oauth_scopes": [
                  "https://www.googleapis.com/auth/cloud-platform"
                ],
                "preemptible": true,
                "reservation_affinity": [],
                "resource_labels": null,
                "service_account": "gke-sa@rania-project-375711.iam.gserviceaccount.com",
                "shielded_instance_config": [
                  {
                    "enable_integrity_monitoring": true,
                    "enable_secure_boot": false
                  }
                ],
                "spot": false,
                "tags": null,
                "taint": [],
                "workload_metadata_config": []
              }
            ],
            "node_count": 1,
            "node_locations": [
              "us-central1-a"
            ],
            "operation": null,
            "placement_policy": [],
            "project": "rania-project-375711",
            "timeouts": null,
            "upgrade_settings": [
              {
                "blue_green_settings": [],
                "max_surge": 1,
                "max_unavailable": 0,
                "strategy": "SURGE"
              }
            ],
            "version": "1.24.8-gke.2000"
          },
          "sensitive_attributes": [],
          "private": "eyJlMmJmYjczMC1lY2FhLTExZTYtOGY4OC0zNDM2M2JjN2M0YzAiOnsiY3JlYXRlIjoxODAwMDAwMDAwMDAwLCJkZWxldGUiOjE4MDAwMDAwMDAwMDAsInVwZGF0ZSI6MTgwMDAwMDAwMDAwMH0sInNjaGVtYV92ZXJzaW9uIjoiMSJ9",
          "dependencies": [
            "google_compute_network.myvpc",
            "google_compute_subnetwork.restrictedsubnet",
            "google_container_cluster.private-cluster",
            "google_service_account.gke-sa"
          ]
        }
      ]
    },
    {
      "mode": "managed",
      "type": "google_project_iam_binding",
      "name": "gke-roles",
      "provider": "provider[\"registry.terraform.io/hashicorp/google\"]",
      "instances": [
        {
          "schema_version": 0,
          "attributes": {
            "condition": [],
            "etag": "BwX0S2bbIss=",
            "id": "rania-project-375711/roles/storage.objectViewer",
            "members": [
              "serviceAccount:gke-sa@rania-project-375711.iam.gserviceaccount.com"
            ],
            "project": "rania-project-375711",
            "role": "roles/storage.objectViewer"
          },
          "sensitive_attributes": [],
          "private": "bnVsbA==",
          "dependencies": [
            "google_service_account.gke-sa"
          ]
        }
      ]
    },
    {
      "mode": "managed",
      "type": "google_project_iam_binding",
      "name": "my-instance-roles",
      "provider": "provider[\"registry.terraform.io/hashicorp/google\"]",
      "instances": [
        {
          "schema_version": 0,
          "attributes": {
            "condition": [],
            "etag": "BwX0S2bbIss=",
            "id": "rania-project-375711/roles/container.admin",
            "members": [
              "serviceAccount:myinstance-sa-id@rania-project-375711.iam.gserviceaccount.com"
            ],
            "project": "rania-project-375711",
            "role": "roles/container.admin"
          },
          "sensitive_attributes": [],
          "private": "bnVsbA==",
          "dependencies": [
            "google_service_account.myinstance-sa"
          ]
        }
      ]
    },
    {
      "mode": "managed",
      "type": "google_service_account",
      "name": "gke-sa",
      "provider": "provider[\"registry.terraform.io/hashicorp/google\"]",
      "instances": [
        {
          "schema_version": 0,
          "attributes": {
            "account_id": "gke-sa",
            "description": "",
            "disabled": false,
            "display_name": "gke",
            "email": "gke-sa@rania-project-375711.iam.gserviceaccount.com",
            "id": "projects/rania-project-375711/serviceAccounts/gke-sa@rania-project-375711.iam.gserviceaccount.com",
            "member": "serviceAccount:gke-sa@rania-project-375711.iam.gserviceaccount.com",
            "name": "projects/rania-project-375711/serviceAccounts/gke-sa@rania-project-375711.iam.gserviceaccount.com",
            "project": "rania-project-375711",
            "timeouts": null,
            "unique_id": "115703237197408201888"
          },
          "sensitive_attributes": [],
          "private": "eyJlMmJmYjczMC1lY2FhLTExZTYtOGY4OC0zNDM2M2JjN2M0YzAiOnsiY3JlYXRlIjozMDAwMDAwMDAwMDB9fQ=="
        }
      ]
    },
    {
      "mode": "managed",
      "type": "google_service_account",
      "name": "myinstance-sa",
      "provider": "provider[\"registry.terraform.io/hashicorp/google\"]",
      "instances": [
        {
          "schema_version": 0,
          "attributes": {
            "account_id": "myinstance-sa-id",
            "description": "",
            "disabled": false,
            "display_name": "myinstance-sa",
            "email": "myinstance-sa-id@rania-project-375711.iam.gserviceaccount.com",
            "id": "projects/rania-project-375711/serviceAccounts/myinstance-sa-id@rania-project-375711.iam.gserviceaccount.com",
            "member": "serviceAccount:myinstance-sa-id@rania-project-375711.iam.gserviceaccount.com",
            "name": "projects/rania-project-375711/serviceAccounts/myinstance-sa-id@rania-project-375711.iam.gserviceaccount.com",
            "project": "rania-project-375711",
            "timeouts": null,
            "unique_id": "105757470914747796103"
          },
          "sensitive_attributes": [],
          "private": "eyJlMmJmYjczMC1lY2FhLTExZTYtOGY4OC0zNDM2M2JjN2M0YzAiOnsiY3JlYXRlIjozMDAwMDAwMDAwMDB9fQ=="
        }
      ]
    }
  ],
  "check_results": null
}
